// !$*UTF8*$!
{
	archiveVersion = 1;
	classes = {
	};
	objectVersion = 77;
	objects = {

/* Begin PBXBuildFile section */
		032BBF0C2DA4D9D600DD3EE0 /* ComposableArchitecture in Frameworks */ = {isa = PBXBuildFile; productRef = 032BBF0B2DA4D9D600DD3EE0 /* ComposableArchitecture */; };
		03C9C8F02DA5F5EF00F0D739 /* Testing.framework in Frameworks */ = {isa = PBXBuildFile; fileRef = 4D8C84452DA56E9500F5D830 /* Testing.framework */; platformFilter = ios; };
/* End PBXBuildFile section */

/* Begin PBXContainerItemProxy section */
		035C7FC12DA5F1DE00416DA9 /* PBXContainerItemProxy */ = {
			isa = PBXContainerItemProxy;
			containerPortal = 032BBEF12DA4D91A00DD3EE0 /* Project object */;
			proxyType = 1;
			remoteGlobalIDString = 032BBEF82DA4D91A00DD3EE0;
			remoteInfo = TCA_Tutorial;
		};
/* End PBXContainerItemProxy section */

/* Begin PBXCopyFilesBuildPhase section */
		4D8C843D2DA5589000F5D830 /* Embed PlugIns */ = {
			isa = PBXCopyFilesBuildPhase;
			buildActionMask = 2147483647;
			dstPath = "";
			dstSubfolderSpec = 13;
			files = (
			);
			name = "Embed PlugIns";
			runOnlyForDeploymentPostprocessing = 0;
		};
/* End PBXCopyFilesBuildPhase section */

/* Begin PBXFileReference section */
		032BBEF92DA4D91A00DD3EE0 /* TCA_Tutorial.app */ = {isa = PBXFileReference; explicitFileType = wrapper.application; includeInIndex = 0; path = TCA_Tutorial.app; sourceTree = BUILT_PRODUCTS_DIR; };
		035C7FBD2DA5F1DE00416DA9 /* TCA_TutorialTests.xctest */ = {isa = PBXFileReference; explicitFileType = wrapper.cfbundle; includeInIndex = 0; path = TCA_TutorialTests.xctest; sourceTree = BUILT_PRODUCTS_DIR; };
		4D8C84452DA56E9500F5D830 /* Testing.framework */ = {isa = PBXFileReference; lastKnownFileType = wrapper.framework; name = Testing.framework; path = Platforms/iPhoneOS.platform/Developer/Library/Frameworks/Testing.framework; sourceTree = DEVELOPER_DIR; };
/* End PBXFileReference section */

/* Begin PBXFileSystemSynchronizedBuildFileExceptionSet section */
		03C9C8F62DA60D9000F0D739 /* Exceptions for "TCA_Tutorial" folder in "TCA_TutorialTests" target */ = {
			isa = PBXFileSystemSynchronizedBuildFileExceptionSet;
			membershipExceptions = (
				CounterFeature.swift,
				NumberFactClient.swift,
			);
			target = 035C7FBC2DA5F1DE00416DA9 /* TCA_TutorialTests */;
		};
/* End PBXFileSystemSynchronizedBuildFileExceptionSet section */

/* Begin PBXFileSystemSynchronizedRootGroup section */
		032BBEFB2DA4D91A00DD3EE0 /* TCA_Tutorial */ = {
			isa = PBXFileSystemSynchronizedRootGroup;
			exceptions = (
				03C9C8F62DA60D9000F0D739 /* Exceptions for "TCA_Tutorial" folder in "TCA_TutorialTests" target */,
			);
			path = TCA_Tutorial;
			sourceTree = "<group>";
		};
		035C7FBE2DA5F1DE00416DA9 /* TCA_TutorialTests */ = {
			isa = PBXFileSystemSynchronizedRootGroup;
			path = TCA_TutorialTests;
			sourceTree = "<group>";
		};
/* End PBXFileSystemSynchronizedRootGroup section */

/* Begin PBXFrameworksBuildPhase section */
		032BBEF62DA4D91A00DD3EE0 /* Frameworks */ = {
			isa = PBXFrameworksBuildPhase;
			buildActionMask = 2147483647;
			files = (
				032BBF0C2DA4D9D600DD3EE0 /* ComposableArchitecture in Frameworks */,
			);
			runOnlyForDeploymentPostprocessing = 0;
		};
		035C7FBA2DA5F1DE00416DA9 /* Frameworks */ = {
			isa = PBXFrameworksBuildPhase;
			buildActionMask = 2147483647;
			files = (
				03C9C8F02DA5F5EF00F0D739 /* Testing.framework in Frameworks */,
			);
			runOnlyForDeploymentPostprocessing = 0;
		};
/* End PBXFrameworksBuildPhase section */

/* Begin PBXGroup section */
		032BBEF02DA4D91A00DD3EE0 = {
			isa = PBXGroup;
			children = (
				032BBEFB2DA4D91A00DD3EE0 /* TCA_Tutorial */,
				035C7FBE2DA5F1DE00416DA9 /* TCA_TutorialTests */,
				4D8C84392DA5589000F5D830 /* Frameworks */,
				032BBEFA2DA4D91A00DD3EE0 /* Products */,
			);
			sourceTree = "<group>";
			usesTabs = 0;
		};
		032BBEFA2DA4D91A00DD3EE0 /* Products */ = {
			isa = PBXGroup;
			children = (
				032BBEF92DA4D91A00DD3EE0 /* TCA_Tutorial.app */,
				035C7FBD2DA5F1DE00416DA9 /* TCA_TutorialTests.xctest */,
			);
			name = Products;
			sourceTree = "<group>";
		};
		4D8C84392DA5589000F5D830 /* Frameworks */ = {
			isa = PBXGroup;
			children = (
				4D8C84452DA56E9500F5D830 /* Testing.framework */,
			);
			name = Frameworks;
			sourceTree = "<group>";
		};
/* End PBXGroup section */

/* Begin PBXNativeTarget section */
		032BBEF82DA4D91A00DD3EE0 /* TCA_Tutorial */ = {
			isa = PBXNativeTarget;
			buildConfigurationList = 032BBF072DA4D91B00DD3EE0 /* Build configuration list for PBXNativeTarget "TCA_Tutorial" */;
			buildPhases = (
				032BBEF52DA4D91A00DD3EE0 /* Sources */,
				032BBEF62DA4D91A00DD3EE0 /* Frameworks */,
				032BBEF72DA4D91A00DD3EE0 /* Resources */,
				4D8C843D2DA5589000F5D830 /* Embed PlugIns */,
			);
			buildRules = (
			);
			dependencies = (
			);
			fileSystemSynchronizedGroups = (
				032BBEFB2DA4D91A00DD3EE0 /* TCA_Tutorial */,
			);
			name = TCA_Tutorial;
			packageProductDependencies = (
				032BBF0B2DA4D9D600DD3EE0 /* ComposableArchitecture */,
			);
			productName = TCA_Tutorial;
			productReference = 032BBEF92DA4D91A00DD3EE0 /* TCA_Tutorial.app */;
			productType = "com.apple.product-type.application";
		};
		035C7FBC2DA5F1DE00416DA9 /* TCA_TutorialTests */ = {
			isa = PBXNativeTarget;
			buildConfigurationList = 035C7FC52DA5F1DE00416DA9 /* Build configuration list for PBXNativeTarget "TCA_TutorialTests" */;
			buildPhases = (
				035C7FB92DA5F1DE00416DA9 /* Sources */,
				035C7FBA2DA5F1DE00416DA9 /* Frameworks */,
				035C7FBB2DA5F1DE00416DA9 /* Resources */,
			);
			buildRules = (
			);
			dependencies = (
				035C7FC22DA5F1DE00416DA9 /* PBXTargetDependency */,
			);
			fileSystemSynchronizedGroups = (
				035C7FBE2DA5F1DE00416DA9 /* TCA_TutorialTests */,
			);
			name = TCA_TutorialTests;
			packageProductDependencies = (
			);
			productName = TCA_TutorialTests;
			productReference = 035C7FBD2DA5F1DE00416DA9 /* TCA_TutorialTests.xctest */;
			productType = "com.apple.product-type.bundle.unit-test";
		};
/* End PBXNativeTarget section */

/* Begin PBXProject section */
		032BBEF12DA4D91A00DD3EE0 /* Project object */ = {
			isa = PBXProject;
			attributes = {
				BuildIndependentTargetsInParallel = 1;
				LastSwiftUpdateCheck = 1620;
				LastUpgradeCheck = 1620;
				TargetAttributes = {
					032BBEF82DA4D91A00DD3EE0 = {
						CreatedOnToolsVersion = 16.2;
					};
					035C7FBC2DA5F1DE00416DA9 = {
						CreatedOnToolsVersion = 16.2;
						TestTargetID = 032BBEF82DA4D91A00DD3EE0;
					};
				};
			};
			buildConfigurationList = 032BBEF42DA4D91A00DD3EE0 /* Build configuration list for PBXProject "TCA_Tutorial" */;
			developmentRegion = en;
			hasScannedForEncodings = 0;
			knownRegions = (
				en,
				Base,
			);
			mainGroup = 032BBEF02DA4D91A00DD3EE0;
			minimizedProjectReferenceProxies = 1;
			packageReferences = (
				032BBF0A2DA4D9D600DD3EE0 /* XCRemoteSwiftPackageReference "swift-composable-architecture" */,
				03C9C8F12DA5F7CD00F0D739 /* XCRemoteSwiftPackageReference "swift-testing" */,
			);
			preferredProjectObjectVersion = 77;
			productRefGroup = 032BBEFA2DA4D91A00DD3EE0 /* Products */;
			projectDirPath = "";
			projectRoot = "";
			targets = (
				032BBEF82DA4D91A00DD3EE0 /* TCA_Tutorial */,
				035C7FBC2DA5F1DE00416DA9 /* TCA_TutorialTests */,
			);
		};
/* End PBXProject section */

/* Begin PBXResourcesBuildPhase section */
		032BBEF72DA4D91A00DD3EE0 /* Resources */ = {
			isa = PBXResourcesBuildPhase;
			buildActionMask = 2147483647;
			files = (
			);
			runOnlyForDeploymentPostprocessing = 0;
		};
		035C7FBB2DA5F1DE00416DA9 /* Resources */ = {
			isa = PBXResourcesBuildPhase;
			buildActionMask = 2147483647;
			files = (
			);
			runOnlyForDeploymentPostprocessing = 0;
		};
/* End PBXResourcesBuildPhase section */

/* Begin PBXSourcesBuildPhase section */
		032BBEF52DA4D91A00DD3EE0 /* Sources */ = {
			isa = PBXSourcesBuildPhase;
			buildActionMask = 2147483647;
			files = (
			);
			runOnlyForDeploymentPostprocessing = 0;
		};
		035C7FB92DA5F1DE00416DA9 /* Sources */ = {
			isa = PBXSourcesBuildPhase;
			buildActionMask = 2147483647;
			files = (
			);
			runOnlyForDeploymentPostprocessing = 0;
		};
/* End PBXSourcesBuildPhase section */

/* Begin PBXTargetDependency section */
		035C7FC22DA5F1DE00416DA9 /* PBXTargetDependency */ = {
			isa = PBXTargetDependency;
			target = 032BBEF82DA4D91A00DD3EE0 /* TCA_Tutorial */;
			targetProxy = 035C7FC12DA5F1DE00416DA9 /* PBXContainerItemProxy */;
		};
/* End PBXTargetDependency section */

/* Begin XCBuildConfiguration section */
		032BBF052DA4D91B00DD3EE0 /* Debug */ = {
			isa = XCBuildConfiguration;
			buildSettings = {
				ALWAYS_SEARCH_USER_PATHS = NO;
				ASSETCATALOG_COMPILER_GENERATE_SWIFT_ASSET_SYMBOL_EXTENSIONS = YES;
				CLANG_ANALYZER_NONNULL = YES;
				CLANG_ANALYZER_NUMBER_OBJECT_CONVERSION = YES_AGGRESSIVE;
				CLANG_CXX_LANGUAGE_STANDARD = "gnu++20";
				CLANG_ENABLE_MODULES = YES;
				CLANG_ENABLE_OBJC_ARC = YES;
				CLANG_ENABLE_OBJC_WEAK = YES;
				CLANG_WARN_BLOCK_CAPTURE_AUTORELEASING = YES;
				CLANG_WARN_BOOL_CONVERSION = YES;
				CLANG_WARN_COMMA = YES;
				CLANG_WARN_CONSTANT_CONVERSION = YES;
				CLANG_WARN_DEPRECATED_OBJC_IMPLEMENTATIONS = YES;
				CLANG_WARN_DIRECT_OBJC_ISA_USAGE = YES_ERROR;
				CLANG_WARN_DOCUMENTATION_COMMENTS = YES;
				CLANG_WARN_EMPTY_BODY = YES;
				CLANG_WARN_ENUM_CONVERSION = YES;
				CLANG_WARN_INFINITE_RECURSION = YES;
				CLANG_WARN_INT_CONVERSION = YES;
				CLANG_WARN_NON_LITERAL_NULL_CONVERSION = YES;
				CLANG_WARN_OBJC_IMPLICIT_RETAIN_SELF = YES;
				CLANG_WARN_OBJC_LITERAL_CONVERSION = YES;
				CLANG_WARN_OBJC_ROOT_CLASS = YES_ERROR;
				CLANG_WARN_QUOTED_INCLUDE_IN_FRAMEWORK_HEADER = YES;
				CLANG_WARN_RANGE_LOOP_ANALYSIS = YES;
				CLANG_WARN_STRICT_PROTOTYPES = YES;
				CLANG_WARN_SUSPICIOUS_MOVE = YES;
				CLANG_WARN_UNGUARDED_AVAILABILITY = YES_AGGRESSIVE;
				CLANG_WARN_UNREACHABLE_CODE = YES;
				CLANG_WARN__DUPLICATE_METHOD_MATCH = YES;
				COPY_PHASE_STRIP = NO;
				DEBUG_INFORMATION_FORMAT = dwarf;
				ENABLE_STRICT_OBJC_MSGSEND = YES;
				ENABLE_TESTABILITY = YES;
				ENABLE_USER_SCRIPT_SANDBOXING = YES;
				GCC_C_LANGUAGE_STANDARD = gnu17;
				GCC_DYNAMIC_NO_PIC = NO;
				GCC_NO_COMMON_BLOCKS = YES;
				GCC_OPTIMIZATION_LEVEL = 0;
				GCC_PREPROCESSOR_DEFINITIONS = (
					"DEBUG=1",
					"$(inherited)",
				);
				GCC_WARN_64_TO_32_BIT_CONVERSION = YES;
				GCC_WARN_ABOUT_RETURN_TYPE = YES_ERROR;
				GCC_WARN_UNDECLARED_SELECTOR = YES;
				GCC_WARN_UNINITIALIZED_AUTOS = YES_AGGRESSIVE;
				GCC_WARN_UNUSED_FUNCTION = YES;
				GCC_WARN_UNUSED_VARIABLE = YES;
				IPHONEOS_DEPLOYMENT_TARGET = 18.2;
				LOCALIZATION_PREFERS_STRING_CATALOGS = YES;
				MTL_ENABLE_DEBUG_INFO = INCLUDE_SOURCE;
				MTL_FAST_MATH = YES;
				ONLY_ACTIVE_ARCH = YES;
				SDKROOT = iphoneos;
				SWIFT_ACTIVE_COMPILATION_CONDITIONS = "DEBUG $(inherited)";
				SWIFT_OPTIMIZATION_LEVEL = "-Onone";
				SWIFT_VERSION = 5.0;
			};
			name = Debug;
		};
		032BBF062DA4D91B00DD3EE0 /* Release */ = {
			isa = XCBuildConfiguration;
			buildSettings = {
				ALWAYS_SEARCH_USER_PATHS = NO;
				ASSETCATALOG_COMPILER_GENERATE_SWIFT_ASSET_SYMBOL_EXTENSIONS = YES;
				CLANG_ANALYZER_NONNULL = YES;
				CLANG_ANALYZER_NUMBER_OBJECT_CONVERSION = YES_AGGRESSIVE;
				CLANG_CXX_LANGUAGE_STANDARD = "gnu++20";
				CLANG_ENABLE_MODULES = YES;
				CLANG_ENABLE_OBJC_ARC = YES;
				CLANG_ENABLE_OBJC_WEAK = YES;
				CLANG_WARN_BLOCK_CAPTURE_AUTORELEASING = YES;
				CLANG_WARN_BOOL_CONVERSION = YES;
				CLANG_WARN_COMMA = YES;
				CLANG_WARN_CONSTANT_CONVERSION = YES;
				CLANG_WARN_DEPRECATED_OBJC_IMPLEMENTATIONS = YES;
				CLANG_WARN_DIRECT_OBJC_ISA_USAGE = YES_ERROR;
				CLANG_WARN_DOCUMENTATION_COMMENTS = YES;
				CLANG_WARN_EMPTY_BODY = YES;
				CLANG_WARN_ENUM_CONVERSION = YES;
				CLANG_WARN_INFINITE_RECURSION = YES;
				CLANG_WARN_INT_CONVERSION = YES;
				CLANG_WARN_NON_LITERAL_NULL_CONVERSION = YES;
				CLANG_WARN_OBJC_IMPLICIT_RETAIN_SELF = YES;
				CLANG_WARN_OBJC_LITERAL_CONVERSION = YES;
				CLANG_WARN_OBJC_ROOT_CLASS = YES_ERROR;
				CLANG_WARN_QUOTED_INCLUDE_IN_FRAMEWORK_HEADER = YES;
				CLANG_WARN_RANGE_LOOP_ANALYSIS = YES;
				CLANG_WARN_STRICT_PROTOTYPES = YES;
				CLANG_WARN_SUSPICIOUS_MOVE = YES;
				CLANG_WARN_UNGUARDED_AVAILABILITY = YES_AGGRESSIVE;
				CLANG_WARN_UNREACHABLE_CODE = YES;
				CLANG_WARN__DUPLICATE_METHOD_MATCH = YES;
				COPY_PHASE_STRIP = NO;
				DEBUG_INFORMATION_FORMAT = "dwarf-with-dsym";
				ENABLE_NS_ASSERTIONS = NO;
				ENABLE_STRICT_OBJC_MSGSEND = YES;
				ENABLE_USER_SCRIPT_SANDBOXING = YES;
				GCC_C_LANGUAGE_STANDARD = gnu17;
				GCC_NO_COMMON_BLOCKS = YES;
				GCC_WARN_64_TO_32_BIT_CONVERSION = YES;
				GCC_WARN_ABOUT_RETURN_TYPE = YES_ERROR;
				GCC_WARN_UNDECLARED_SELECTOR = YES;
				GCC_WARN_UNINITIALIZED_AUTOS = YES_AGGRESSIVE;
				GCC_WARN_UNUSED_FUNCTION = YES;
				GCC_WARN_UNUSED_VARIABLE = YES;
				IPHONEOS_DEPLOYMENT_TARGET = 18.2;
				LOCALIZATION_PREFERS_STRING_CATALOGS = YES;
				MTL_ENABLE_DEBUG_INFO = NO;
				MTL_FAST_MATH = YES;
				SDKROOT = iphoneos;
				SWIFT_COMPILATION_MODE = wholemodule;
				SWIFT_VERSION = 5.0;
				VALIDATE_PRODUCT = YES;
			};
			name = Release;
		};
		032BBF082DA4D91B00DD3EE0 /* Debug */ = {
			isa = XCBuildConfiguration;
			buildSettings = {
				ASSETCATALOG_COMPILER_APPICON_NAME = AppIcon;
				ASSETCATALOG_COMPILER_GLOBAL_ACCENT_COLOR_NAME = AccentColor;
				CODE_SIGN_STYLE = Automatic;
				CURRENT_PROJECT_VERSION = 1;
				DEVELOPMENT_ASSET_PATHS = "\"TCA_Tutorial/Preview Content\"";
				DEVELOPMENT_TEAM = VG8P6HK6YF;
				ENABLE_PREVIEWS = YES;
				GENERATE_INFOPLIST_FILE = YES;
				INFOPLIST_KEY_UIApplicationSceneManifest_Generation = YES;
				INFOPLIST_KEY_UIApplicationSupportsIndirectInputEvents = YES;
				INFOPLIST_KEY_UILaunchScreen_Generation = YES;
				INFOPLIST_KEY_UISupportedInterfaceOrientations_iPad = "UIInterfaceOrientationPortrait UIInterfaceOrientationPortraitUpsideDown UIInterfaceOrientationLandscapeLeft UIInterfaceOrientationLandscapeRight";
				INFOPLIST_KEY_UISupportedInterfaceOrientations_iPhone = "UIInterfaceOrientationPortrait UIInterfaceOrientationLandscapeLeft UIInterfaceOrientationLandscapeRight";
				LD_RUNPATH_SEARCH_PATHS = (
					"$(inherited)",
					"@executable_path/Frameworks",
				);
				MARKETING_VERSION = 1.0;
				PRODUCT_BUNDLE_IDENTIFIER = "com.turingbio.ios.TCA-Tutorial";
				PRODUCT_NAME = "$(TARGET_NAME)";
				SWIFT_EMIT_LOC_STRINGS = YES;
				SWIFT_VERSION = 5.0;
				TARGETED_DEVICE_FAMILY = "1,2";
			};
			name = Debug;
		};
		032BBF092DA4D91B00DD3EE0 /* Release */ = {
			isa = XCBuildConfiguration;
			buildSettings = {
				ASSETCATALOG_COMPILER_APPICON_NAME = AppIcon;
				ASSETCATALOG_COMPILER_GLOBAL_ACCENT_COLOR_NAME = AccentColor;
				CODE_SIGN_STYLE = Automatic;
				CURRENT_PROJECT_VERSION = 1;
				DEVELOPMENT_ASSET_PATHS = "\"TCA_Tutorial/Preview Content\"";
				DEVELOPMENT_TEAM = VG8P6HK6YF;
				ENABLE_PREVIEWS = YES;
				GENERATE_INFOPLIST_FILE = YES;
				INFOPLIST_KEY_UIApplicationSceneManifest_Generation = YES;
				INFOPLIST_KEY_UIApplicationSupportsIndirectInputEvents = YES;
				INFOPLIST_KEY_UILaunchScreen_Generation = YES;
				INFOPLIST_KEY_UISupportedInterfaceOrientations_iPad = "UIInterfaceOrientationPortrait UIInterfaceOrientationPortraitUpsideDown UIInterfaceOrientationLandscapeLeft UIInterfaceOrientationLandscapeRight";
				INFOPLIST_KEY_UISupportedInterfaceOrientations_iPhone = "UIInterfaceOrientationPortrait UIInterfaceOrientationLandscapeLeft UIInterfaceOrientationLandscapeRight";
				LD_RUNPATH_SEARCH_PATHS = (
					"$(inherited)",
					"@executable_path/Frameworks",
				);
				MARKETING_VERSION = 1.0;
				PRODUCT_BUNDLE_IDENTIFIER = "com.turingbio.ios.TCA-Tutorial";
				PRODUCT_NAME = "$(TARGET_NAME)";
				SWIFT_EMIT_LOC_STRINGS = YES;
				SWIFT_VERSION = 5.0;
				TARGETED_DEVICE_FAMILY = "1,2";
			};
			name = Release;
		};
		035C7FC32DA5F1DE00416DA9 /* Debug */ = {
			isa = XCBuildConfiguration;
			buildSettings = {
				BUNDLE_LOADER = "$(TEST_HOST)";
				CODE_SIGN_STYLE = Automatic;
				CURRENT_PROJECT_VERSION = 1;
				DEVELOPMENT_TEAM = VG8P6HK6YF;
				GENERATE_INFOPLIST_FILE = YES;
				MARKETING_VERSION = 1.0;
				PRODUCT_BUNDLE_IDENTIFIER = "com.turingbio.ios.TCA-TutorialTests";
				PRODUCT_NAME = "$(TARGET_NAME)";
				SWIFT_EMIT_LOC_STRINGS = NO;
				SWIFT_VERSION = 5.0;
				TARGETED_DEVICE_FAMILY = "1,2";
				TEST_HOST = "$(BUILT_PRODUCTS_DIR)/TCA_Tutorial.app/$(BUNDLE_EXECUTABLE_FOLDER_PATH)/TCA_Tutorial";
			};
			name = Debug;
		};
		035C7FC42DA5F1DE00416DA9 /* Release */ = {
			isa = XCBuildConfiguration;
			buildSettings = {
				BUNDLE_LOADER = "$(TEST_HOST)";
				CODE_SIGN_STYLE = Automatic;
				CURRENT_PROJECT_VERSION = 1;
				DEVELOPMENT_TEAM = VG8P6HK6YF;
				GENERATE_INFOPLIST_FILE = YES;
				MARKETING_VERSION = 1.0;
				PRODUCT_BUNDLE_IDENTIFIER = "com.turingbio.ios.TCA-TutorialTests";
				PRODUCT_NAME = "$(TARGET_NAME)";
				SWIFT_EMIT_LOC_STRINGS = NO;
				SWIFT_VERSION = 5.0;
				TARGETED_DEVICE_FAMILY = "1,2";
				TEST_HOST = "$(BUILT_PRODUCTS_DIR)/TCA_Tutorial.app/$(BUNDLE_EXECUTABLE_FOLDER_PATH)/TCA_Tutorial";
			};
			name = Release;
		};
/* End XCBuildConfiguration section */

/* Begin XCConfigurationList section */
		032BBEF42DA4D91A00DD3EE0 /* Build configuration list for PBXProject "TCA_Tutorial" */ = {
			isa = XCConfigurationList;
			buildConfigurations = (
				032BBF052DA4D91B00DD3EE0 /* Debug */,
				032BBF062DA4D91B00DD3EE0 /* Release */,
			);
			defaultConfigurationIsVisible = 0;
			defaultConfigurationName = Release;
		};
		032BBF072DA4D91B00DD3EE0 /* Build configuration list for PBXNativeTarget "TCA_Tutorial" */ = {
			isa = XCConfigurationList;
			buildConfigurations = (
				032BBF082DA4D91B00DD3EE0 /* Debug */,
				032BBF092DA4D91B00DD3EE0 /* Release */,
			);
			defaultConfigurationIsVisible = 0;
			defaultConfigurationName = Release;
		};
		035C7FC52DA5F1DE00416DA9 /* Build configuration list for PBXNativeTarget "TCA_TutorialTests" */ = {
			isa = XCConfigurationList;
			buildConfigurations = (
				035C7FC32DA5F1DE00416DA9 /* Debug */,
				035C7FC42DA5F1DE00416DA9 /* Release */,
			);
			defaultConfigurationIsVisible = 0;
			defaultConfigurationName = Release;
		};
/* End XCConfigurationList section */

/* Begin XCRemoteSwiftPackageReference section */
		032BBF0A2DA4D9D600DD3EE0 /* XCRemoteSwiftPackageReference "swift-composable-architecture" */ = {
			isa = XCRemoteSwiftPackageReference;
			repositoryURL = "https://github.com/pointfreeco/swift-composable-architecture";
			requirement = {
				kind = upToNextMajorVersion;
				minimumVersion = 1.19.0;
			};
		};
		03C9C8F12DA5F7CD00F0D739 /* XCRemoteSwiftPackageReference "swift-testing" */ = {
			isa = XCRemoteSwiftPackageReference;
			repositoryURL = "https://github.com/apple/swift-testing";
			requirement = {
				kind = upToNextMajorVersion;
				minimumVersion = 6.1.0;
			};
		};
/* End XCRemoteSwiftPackageReference section */

/* Begin XCSwiftPackageProductDependency section */
		032BBF0B2DA4D9D600DD3EE0 /* ComposableArchitecture */ = {
			isa = XCSwiftPackageProductDependency;
			package = 032BBF0A2DA4D9D600DD3EE0 /* XCRemoteSwiftPackageReference "swift-composable-architecture" */;
			productName = ComposableArchitecture;
		};
/* End XCSwiftPackageProductDependency section */
	};
	rootObject = 032BBEF12DA4D91A00DD3EE0 /* Project object */;
}
